
Microsoft Visual Studio Solution File, Format Version 12.00
Project("{FAE04EC0-301F-11D3-BF4B-00C04F79EFBC}") = "Playwright.SpecFlow.Boilerplate", "Playwright.SpecFlow.Boilerplate\Playwright.SpecFlow.Boilerplate.csproj", "{796DB159-5ADE-4999-83C2-6AC467129654}"
EndProject
Global
	GlobalSection(SolutionConfigurationPlatforms) = preSolution
		Debug|Any CPU = Debug|Any CPU
		Release|Any CPU = Release|Any CPU
	EndGlobalSection
	GlobalSection(ProjectConfigurationPlatforms) = postSolution
		{796DB159-5ADE-4999-83C2-6AC467129654}.Debug|Any CPU.ActiveCfg = Debug|Any CPU
		{796DB159-5ADE-4999-83C2-6AC467129654}.Debug|Any CPU.Build.0 = Debug|Any CPU
		{796DB159-5ADE-4999-83C2-6AC467129654}.Release|Any CPU.ActiveCfg = Release|Any CPU
		{796DB159-5ADE-4999-83C2-6AC467129654}.Release|Any CPU.Build.0 = Release|Any CPU
	EndGlobalSection
EndGlobal
